
Microsoft Visual Studio Solution File, Format Version 12.00
# Visual Studio 14
VisualStudioVersion = 14.0.25420.1
MinimumVisualStudioVersion = 10.0.40219.1
Project("{8BC9CEB8-8B4A-11D0-8D11-00A0C91BC942}") = "01-复杂度1 最大子列和问题", "01-复杂度1 最大子列和问题\01-复杂度1 最大子列和问题.vcxproj", "{08013A08-0383-45C7-9629-341674E020BB}"
EndProject
Project("{8BC9CEB8-8B4A-11D0-8D11-00A0C91BC942}") = "01-复杂度2 Maximum Subsequence Sum", "01-复杂度2 Maximum Subsequence Sum\01-复杂度2 Maximum Subsequence Sum.vcxproj", "{BC2FA16C-C5AE-4831-9650-D6538329AFA8}"
EndProject
Project("{8BC9CEB8-8B4A-11D0-8D11-00A0C91BC942}") = "02-线性结构2 一元多项式的乘法与加法运算", "02-线性结构2 一元多项式的乘法与加法运算\02-线性结构2 一元多项式的乘法与加法运算.vcxproj", "{C732DCAE-4DE5-41E6-BBD0-AC369BAA5DAB}"
EndProject
Project("{8BC9CEB8-8B4A-11D0-8D11-00A0C91BC942}") = "02-线性结构3 Reversing Linked List", "02-线性结构3 Reversing Linked List\02-线性结构3 Reversing Linked List.vcxproj", "{2CC09910-93C7-4271-BB83-0252472983AD}"
EndProject
Global
	GlobalSection(SolutionConfigurationPlatforms) = preSolution
		Debug|x64 = Debug|x64
		Debug|x86 = Debug|x86
		Release|x64 = Release|x64
		Release|x86 = Release|x86
	EndGlobalSection
	GlobalSection(ProjectConfigurationPlatforms) = postSolution
		{08013A08-0383-45C7-9629-341674E020BB}.Debug|x64.ActiveCfg = Debug|x64
		{08013A08-0383-45C7-9629-341674E020BB}.Debug|x64.Build.0 = Debug|x64
		{08013A08-0383-45C7-9629-341674E020BB}.Debug|x86.ActiveCfg = Debug|Win32
		{08013A08-0383-45C7-9629-341674E020BB}.Debug|x86.Build.0 = Debug|Win32
		{08013A08-0383-45C7-9629-341674E020BB}.Release|x64.ActiveCfg = Release|x64
		{08013A08-0383-45C7-9629-341674E020BB}.Release|x64.Build.0 = Release|x64
		{08013A08-0383-45C7-9629-341674E020BB}.Release|x86.ActiveCfg = Release|Win32
		{08013A08-0383-45C7-9629-341674E020BB}.Release|x86.Build.0 = Release|Win32
		{BC2FA16C-C5AE-4831-9650-D6538329AFA8}.Debug|x64.ActiveCfg = Debug|x64
		{BC2FA16C-C5AE-4831-9650-D6538329AFA8}.Debug|x64.Build.0 = Debug|x64
		{BC2FA16C-C5AE-4831-9650-D6538329AFA8}.Debug|x86.ActiveCfg = Debug|Win32
		{BC2FA16C-C5AE-4831-9650-D6538329AFA8}.Debug|x86.Build.0 = Debug|Win32
		{BC2FA16C-C5AE-4831-9650-D6538329AFA8}.Release|x64.ActiveCfg = Release|x64
		{BC2FA16C-C5AE-4831-9650-D6538329AFA8}.Release|x64.Build.0 = Release|x64
		{BC2FA16C-C5AE-4831-9650-D6538329AFA8}.Release|x86.ActiveCfg = Release|Win32
		{BC2FA16C-C5AE-4831-9650-D6538329AFA8}.Release|x86.Build.0 = Release|Win32
		{C732DCAE-4DE5-41E6-BBD0-AC369BAA5DAB}.Debug|x64.ActiveCfg = Debug|x64
		{C732DCAE-4DE5-41E6-BBD0-AC369BAA5DAB}.Debug|x64.Build.0 = Debug|x64
		{C732DCAE-4DE5-41E6-BBD0-AC369BAA5DAB}.Debug|x86.ActiveCfg = Debug|Win32
		{C732DCAE-4DE5-41E6-BBD0-AC369BAA5DAB}.Debug|x86.Build.0 = Debug|Win32
		{C732DCAE-4DE5-41E6-BBD0-AC369BAA5DAB}.Release|x64.ActiveCfg = Release|x64
		{C732DCAE-4DE5-41E6-BBD0-AC369BAA5DAB}.Release|x64.Build.0 = Release|x64
		{C732DCAE-4DE5-41E6-BBD0-AC369BAA5DAB}.Release|x86.ActiveCfg = Release|Win32
		{C732DCAE-4DE5-41E6-BBD0-AC369BAA5DAB}.Release|x86.Build.0 = Release|Win32
		{2CC09910-93C7-4271-BB83-0252472983AD}.Debug|x64.ActiveCfg = Debug|x64
		{2CC09910-93C7-4271-BB83-0252472983AD}.Debug|x64.Build.0 = Debug|x64
		{2CC09910-93C7-4271-BB83-0252472983AD}.Debug|x86.ActiveCfg = Debug|Win32
		{2CC09910-93C7-4271-BB83-0252472983AD}.Debug|x86.Build.0 = Debug|Win32
		{2CC09910-93C7-4271-BB83-0252472983AD}.Release|x64.ActiveCfg = Release|x64
		{2CC09910-93C7-4271-BB83-0252472983AD}.Release|x64.Build.0 = Release|x64
		{2CC09910-93C7-4271-BB83-0252472983AD}.Release|x86.ActiveCfg = Release|Win32
		{2CC09910-93C7-4271-BB83-0252472983AD}.Release|x86.Build.0 = Release|Win32
	EndGlobalSection
	GlobalSection(SolutionProperties) = preSolution
		HideSolutionNode = FALSE
	EndGlobalSection
EndGlobal
